
Microsoft Visual Studio Solution File, Format Version 12.00
# Visual Studio Version 16
VisualStudioVersion = 16.0.29613.14
MinimumVisualStudioVersion = 10.0.40219.1
Project("{FAE04EC0-301F-11D3-BF4B-00C04F79EFBC}") = "PrintApps", "PrintApps\PrintApps.csproj", "{C7C56C1C-7D1E-4903-81AD-D3B69C2A2A4B}"
EndProject
Global
	GlobalSection(SolutionConfigurationPlatforms) = preSolution
		Debug|Any CPU = Debug|Any CPU
		Release|Any CPU = Release|Any CPU
	EndGlobalSection
	GlobalSection(ProjectConfigurationPlatforms) = postSolution
		{C7C56C1C-7D1E-4903-81AD-D3B69C2A2A4B}.Debug|Any CPU.ActiveCfg = Debug|Any CPU
		{C7C56C1C-7D1E-4903-81AD-D3B69C2A2A4B}.Debug|Any CPU.Build.0 = Debug|Any CPU
		{C7C56C1C-7D1E-4903-81AD-D3B69C2A2A4B}.Release|Any CPU.ActiveCfg = Release|Any CPU
		{C7C56C1C-7D1E-4903-81AD-D3B69C2A2A4B}.Release|Any CPU.Build.0 = Release|Any CPU
	EndGlobalSection
	GlobalSection(SolutionProperties) = preSolution
		HideSolutionNode = FALSE
	EndGlobalSection
	GlobalSection(ExtensibilityGlobals) = postSolution
		SolutionGuid = {4E77805D-DA0A-422F-87E0-2DEF1D350445}
	EndGlobalSection
EndGlobal
